// !$*UTF8*$!
{
	archiveVersion = 1;
	classes = {
	};
	objectVersion = 50;
	objects = {

/* Begin PBXBuildFile section */
		B196F44F26F2528F00BCF94B /* NoteModel.xcdatamodeld in Sources */ = {isa = PBXBuildFile; fileRef = B196F44D26F2528F00BCF94B /* NoteModel.xcdatamodeld */; };
		B196F45126F2653300BCF94B /* FolderTableVC.swift in Sources */ = {isa = PBXBuildFile; fileRef = B196F45026F2653300BCF94B /* FolderTableVC.swift */; };
		B196F45526F2657A00BCF94B /* NoteTableVC.swift in Sources */ = {isa = PBXBuildFile; fileRef = B196F45426F2657A00BCF94B /* NoteTableVC.swift */; };
		B196F45726F2658C00BCF94B /* MoveToFolderTableVC.swift in Sources */ = {isa = PBXBuildFile; fileRef = B196F45626F2658C00BCF94B /* MoveToFolderTableVC.swift */; };
		B196F45926F265A400BCF94B /* NoteVC.swift in Sources */ = {isa = PBXBuildFile; fileRef = B196F45826F265A400BCF94B /* NoteVC.swift */; };
		B1E6980126EABDDC0039F77D /* AppDelegate.swift in Sources */ = {isa = PBXBuildFile; fileRef = B1E6980026EABDDC0039F77D /* AppDelegate.swift */; };
		B1E6980326EABDDC0039F77D /* SceneDelegate.swift in Sources */ = {isa = PBXBuildFile; fileRef = B1E6980226EABDDC0039F77D /* SceneDelegate.swift */; };
		B1E6980826EABDDC0039F77D /* Main.storyboard in Resources */ = {isa = PBXBuildFile; fileRef = B1E6980626EABDDC0039F77D /* Main.storyboard */; };
		B1E6980A26EABDDD0039F77D /* Assets.xcassets in Resources */ = {isa = PBXBuildFile; fileRef = B1E6980926EABDDD0039F77D /* Assets.xcassets */; };
		B1E6980D26EABDDD0039F77D /* LaunchScreen.storyboard in Resources */ = {isa = PBXBuildFile; fileRef = B1E6980B26EABDDD0039F77D /* LaunchScreen.storyboard */; };
/* End PBXBuildFile section */

/* Begin PBXFileReference section */
		B196F44E26F2528F00BCF94B /* NoteModel.xcdatamodel */ = {isa = PBXFileReference; lastKnownFileType = wrapper.xcdatamodel; path = NoteModel.xcdatamodel; sourceTree = "<group>"; };
		B196F45026F2653300BCF94B /* FolderTableVC.swift */ = {isa = PBXFileReference; lastKnownFileType = sourcecode.swift; path = FolderTableVC.swift; sourceTree = "<group>"; };
		B196F45426F2657A00BCF94B /* NoteTableVC.swift */ = {isa = PBXFileReference; lastKnownFileType = sourcecode.swift; path = NoteTableVC.swift; sourceTree = "<group>"; };
		B196F45626F2658C00BCF94B /* MoveToFolderTableVC.swift */ = {isa = PBXFileReference; lastKnownFileType = sourcecode.swift; path = MoveToFolderTableVC.swift; sourceTree = "<group>"; };
		B196F45826F265A400BCF94B /* NoteVC.swift */ = {isa = PBXFileReference; lastKnownFileType = sourcecode.swift; path = NoteVC.swift; sourceTree = "<group>"; };
		B1E697FD26EABDDC0039F77D /* Note_CRRKTerm2_iOS.app */ = {isa = PBXFileReference; explicitFileType = wrapper.application; includeInIndex = 0; path = Note_CRRKTerm2_iOS.app; sourceTree = BUILT_PRODUCTS_DIR; };
		B1E6980026EABDDC0039F77D /* AppDelegate.swift */ = {isa = PBXFileReference; lastKnownFileType = sourcecode.swift; path = AppDelegate.swift; sourceTree = "<group>"; };
		B1E6980226EABDDC0039F77D /* SceneDelegate.swift */ = {isa = PBXFileReference; lastKnownFileType = sourcecode.swift; path = SceneDelegate.swift; sourceTree = "<group>"; };
		B1E6980726EABDDC0039F77D /* Base */ = {isa = PBXFileReference; lastKnownFileType = file.storyboard; name = Base; path = Base.lproj/Main.storyboard; sourceTree = "<group>"; };
		B1E6980926EABDDD0039F77D /* Assets.xcassets */ = {isa = PBXFileReference; lastKnownFileType = folder.assetcatalog; path = Assets.xcassets; sourceTree = "<group>"; };
		B1E6980C26EABDDD0039F77D /* Base */ = {isa = PBXFileReference; lastKnownFileType = file.storyboard; name = Base; path = Base.lproj/LaunchScreen.storyboard; sourceTree = "<group>"; };
		B1E6980E26EABDDD0039F77D /* Info.plist */ = {isa = PBXFileReference; lastKnownFileType = text.plist.xml; path = Info.plist; sourceTree = "<group>"; };
/* End PBXFileReference section */

/* Begin PBXFrameworksBuildPhase section */
		B1E697FA26EABDDC0039F77D /* Frameworks */ = {
			isa = PBXFrameworksBuildPhase;
			buildActionMask = 2147483647;
			files = (
			);
			runOnlyForDeploymentPostprocessing = 0;
		};
/* End PBXFrameworksBuildPhase section */

/* Begin PBXGroup section */
		B196F44826F24DF200BCF94B /* Storyboards */ = {
			isa = PBXGroup;
			children = (
				B1E6980626EABDDC0039F77D /* Main.storyboard */,
				B1E6980B26EABDDD0039F77D /* LaunchScreen.storyboard */,
			);
			path = Storyboards;
			sourceTree = "<group>";
		};
		B196F44926F24DFC00BCF94B /* Controllers */ = {
			isa = PBXGroup;
			children = (
				B196F45026F2653300BCF94B /* FolderTableVC.swift */,
				B196F45426F2657A00BCF94B /* NoteTableVC.swift */,
				B196F45626F2658C00BCF94B /* MoveToFolderTableVC.swift */,
				B196F45826F265A400BCF94B /* NoteVC.swift */,
			);
			path = Controllers;
			sourceTree = "<group>";
		};
		B196F44A26F24E0900BCF94B /* Models */ = {
			isa = PBXGroup;
			children = (
				B196F44D26F2528F00BCF94B /* NoteModel.xcdatamodeld */,
			);
			path = Models;
			sourceTree = "<group>";
		};
		B196F44B26F24E1C00BCF94B /* Supporting Files */ = {
			isa = PBXGroup;
			children = (
				B1E6980926EABDDD0039F77D /* Assets.xcassets */,
				B1E6980E26EABDDD0039F77D /* Info.plist */,
				B1E6980026EABDDC0039F77D /* AppDelegate.swift */,
				B1E6980226EABDDC0039F77D /* SceneDelegate.swift */,
			);
			path = "Supporting Files";
			sourceTree = "<group>";
		};
		B196F44C26F24F7400BCF94B /* Views */ = {
			isa = PBXGroup;
			children = (
			);
			path = Views;
			sourceTree = "<group>";
		};
		B1E697F426EABDDC0039F77D = {
			isa = PBXGroup;
			children = (
				B1E697FF26EABDDC0039F77D /* Note_CRRKTerm2_iOS */,
				B1E697FE26EABDDC0039F77D /* Products */,
			);
			sourceTree = "<group>";
		};
		B1E697FE26EABDDC0039F77D /* Products */ = {
			isa = PBXGroup;
			children = (
				B1E697FD26EABDDC0039F77D /* Note_CRRKTerm2_iOS.app */,
			);
			name = Products;
			sourceTree = "<group>";
		};
		B1E697FF26EABDDC0039F77D /* Note_CRRKTerm2_iOS */ = {
			isa = PBXGroup;
			children = (
				B196F44C26F24F7400BCF94B /* Views */,
				B196F44A26F24E0900BCF94B /* Models */,
				B196F44B26F24E1C00BCF94B /* Supporting Files */,
				B196F44926F24DFC00BCF94B /* Controllers */,
				B196F44826F24DF200BCF94B /* Storyboards */,
			);
			path = Note_CRRKTerm2_iOS;
			sourceTree = "<group>";
		};
/* End PBXGroup section */

/* Begin PBXNativeTarget section */
		B1E697FC26EABDDC0039F77D /* Note_CRRKTerm2_iOS */ = {
			isa = PBXNativeTarget;
			buildConfigurationList = B1E6981126EABDDD0039F77D /* Build configuration list for PBXNativeTarget "Note_CRRKTerm2_iOS" */;
			buildPhases = (
				B1E697F926EABDDC0039F77D /* Sources */,
				B1E697FA26EABDDC0039F77D /* Frameworks */,
				B1E697FB26EABDDC0039F77D /* Resources */,
			);
			buildRules = (
			);
			dependencies = (
			);
			name = Note_CRRKTerm2_iOS;
			productName = Note_CRRTerm2_iOS;
			productReference = B1E697FD26EABDDC0039F77D /* Note_CRRKTerm2_iOS.app */;
			productType = "com.apple.product-type.application";
		};
/* End PBXNativeTarget section */

/* Begin PBXProject section */
		B1E697F526EABDDC0039F77D /* Project object */ = {
			isa = PBXProject;
			attributes = {
				LastSwiftUpdateCheck = 1250;
				LastUpgradeCheck = 1250;
				TargetAttributes = {
					B1E697FC26EABDDC0039F77D = {
						CreatedOnToolsVersion = 12.5.1;
					};
				};
			};
			buildConfigurationList = B1E697F826EABDDC0039F77D /* Build configuration list for PBXProject "Note_CRRKTerm2_iOS" */;
			compatibilityVersion = "Xcode 9.3";
			developmentRegion = en;
			hasScannedForEncodings = 0;
			knownRegions = (
				en,
				Base,
			);
			mainGroup = B1E697F426EABDDC0039F77D;
			productRefGroup = B1E697FE26EABDDC0039F77D /* Products */;
			projectDirPath = "";
			projectRoot = "";
			targets = (
				B1E697FC26EABDDC0039F77D /* Note_CRRKTerm2_iOS */,
			);
		};
/* End PBXProject section */

/* Begin PBXResourcesBuildPhase section */
		B1E697FB26EABDDC0039F77D /* Resources */ = {
			isa = PBXResourcesBuildPhase;
			buildActionMask = 2147483647;
			files = (
				B1E6980D26EABDDD0039F77D /* LaunchScreen.storyboard in Resources */,
				B1E6980A26EABDDD0039F77D /* Assets.xcassets in Resources */,
				B1E6980826EABDDC0039F77D /* Main.storyboard in Resources */,
			);
			runOnlyForDeploymentPostprocessing = 0;
		};
/* End PBXResourcesBuildPhase section */

/* Begin PBXSourcesBuildPhase section */
		B1E697F926EABDDC0039F77D /* Sources */ = {
			isa = PBXSourcesBuildPhase;
			buildActionMask = 2147483647;
			files = (
				B196F44F26F2528F00BCF94B /* NoteModel.xcdatamodeld in Sources */,
				B196F45926F265A400BCF94B /* NoteVC.swift in Sources */,
				B196F45726F2658C00BCF94B /* MoveToFolderTableVC.swift in Sources */,
				B1E6980126EABDDC0039F77D /* AppDelegate.swift in Sources */,
				B1E6980326EABDDC0039F77D /* SceneDelegate.swift in Sources */,
				B196F45526F2657A00BCF94B /* NoteTableVC.swift in Sources */,
				B196F45126F2653300BCF94B /* FolderTableVC.swift in Sources */,
			);
			runOnlyForDeploymentPostprocessing = 0;
		};
/* End PBXSourcesBuildPhase section */

/* Begin PBXVariantGroup section */
		B1E6980626EABDDC0039F77D /* Main.storyboard */ = {
			isa = PBXVariantGroup;
			children = (
				B1E6980726EABDDC0039F77D /* Base */,
			);
			name = Main.storyboard;
			sourceTree = "<group>";
		};
		B1E6980B26EABDDD0039F77D /* LaunchScreen.storyboard */ = {
			isa = PBXVariantGroup;
			children = (
				B1E6980C26EABDDD0039F77D /* Base */,
			);
			name = LaunchScreen.storyboard;
			sourceTree = "<group>";
		};
/* End PBXVariantGroup section */

/* Begin XCBuildConfiguration section */
		B1E6980F26EABDDD0039F77D /* Debug */ = {
			isa = XCBuildConfiguration;
			buildSettings = {
				ALWAYS_SEARCH_USER_PATHS = NO;
				CLANG_ANALYZER_NONNULL = YES;
				CLANG_ANALYZER_NUMBER_OBJECT_CONVERSION = YES_AGGRESSIVE;
				CLANG_CXX_LANGUAGE_STANDARD = "gnu++14";
				CLANG_CXX_LIBRARY = "libc++";
				CLANG_ENABLE_MODULES = YES;
				CLANG_ENABLE_OBJC_ARC = YES;
				CLANG_ENABLE_OBJC_WEAK = YES;
				CLANG_WARN_BLOCK_CAPTURE_AUTORELEASING = YES;
				CLANG_WARN_BOOL_CONVERSION = YES;
				CLANG_WARN_COMMA = YES;
				CLANG_WARN_CONSTANT_CONVERSION = YES;
				CLANG_WARN_DEPRECATED_OBJC_IMPLEMENTATIONS = YES;
				CLANG_WARN_DIRECT_OBJC_ISA_USAGE = YES_ERROR;
				CLANG_WARN_DOCUMENTATION_COMMENTS = YES;
				CLANG_WARN_EMPTY_BODY = YES;
				CLANG_WARN_ENUM_CONVERSION = YES;
				CLANG_WARN_INFINITE_RECURSION = YES;
				CLANG_WARN_INT_CONVERSION = YES;
				CLANG_WARN_NON_LITERAL_NULL_CONVERSION = YES;
				CLANG_WARN_OBJC_IMPLICIT_RETAIN_SELF = YES;
				CLANG_WARN_OBJC_LITERAL_CONVERSION = YES;
				CLANG_WARN_OBJC_ROOT_CLASS = YES_ERROR;
				CLANG_WARN_QUOTED_INCLUDE_IN_FRAMEWORK_HEADER = YES;
				CLANG_WARN_RANGE_LOOP_ANALYSIS = YES;
				CLANG_WARN_STRICT_PROTOTYPES = YES;
				CLANG_WARN_SUSPICIOUS_MOVE = YES;
				CLANG_WARN_UNGUARDED_AVAILABILITY = YES_AGGRESSIVE;
				CLANG_WARN_UNREACHABLE_CODE = YES;
				CLANG_WARN__DUPLICATE_METHOD_MATCH = YES;
				COPY_PHASE_STRIP = NO;
				DEBUG_INFORMATION_FORMAT = dwarf;
				ENABLE_STRICT_OBJC_MSGSEND = YES;
				ENABLE_TESTABILITY = YES;
				GCC_C_LANGUAGE_STANDARD = gnu11;
				GCC_DYNAMIC_NO_PIC = NO;
				GCC_NO_COMMON_BLOCKS = YES;
				GCC_OPTIMIZATION_LEVEL = 0;
				GCC_PREPROCESSOR_DEFINITIONS = (
					"DEBUG=1",
					"$(inherited)",
				);
				GCC_WARN_64_TO_32_BIT_CONVERSION = YES;
				GCC_WARN_ABOUT_RETURN_TYPE = YES_ERROR;
				GCC_WARN_UNDECLARED_SELECTOR = YES;
				GCC_WARN_UNINITIALIZED_AUTOS = YES_AGGRESSIVE;
				GCC_WARN_UNUSED_FUNCTION = YES;
				GCC_WARN_UNUSED_VARIABLE = YES;
				IPHONEOS_DEPLOYMENT_TARGET = 14.5;
				MTL_ENABLE_DEBUG_INFO = INCLUDE_SOURCE;
				MTL_FAST_MATH = YES;
				ONLY_ACTIVE_ARCH = YES;
				SDKROOT = iphoneos;
				SWIFT_ACTIVE_COMPILATION_CONDITIONS = DEBUG;
				SWIFT_OPTIMIZATION_LEVEL = "-Onone";
			};
			name = Debug;
		};
		B1E6981026EABDDD0039F77D /* Release */ = {
			isa = XCBuildConfiguration;
			buildSettings = {
				ALWAYS_SEARCH_USER_PATHS = NO;
				CLANG_ANALYZER_NONNULL = YES;
				CLANG_ANALYZER_NUMBER_OBJECT_CONVERSION = YES_AGGRESSIVE;
				CLANG_CXX_LANGUAGE_STANDARD = "gnu++14";
				CLANG_CXX_LIBRARY = "libc++";
				CLANG_ENABLE_MODULES = YES;
				CLANG_ENABLE_OBJC_ARC = YES;
				CLANG_ENABLE_OBJC_WEAK = YES;
				CLANG_WARN_BLOCK_CAPTURE_AUTORELEASING = YES;
				CLANG_WARN_BOOL_CONVERSION = YES;
				CLANG_WARN_COMMA = YES;
				CLANG_WARN_CONSTANT_CONVERSION = YES;
				CLANG_WARN_DEPRECATED_OBJC_IMPLEMENTATIONS = YES;
				CLANG_WARN_DIRECT_OBJC_ISA_USAGE = YES_ERROR;
				CLANG_WARN_DOCUMENTATION_COMMENTS = YES;
				CLANG_WARN_EMPTY_BODY = YES;
				CLANG_WARN_ENUM_CONVERSION = YES;
				CLANG_WARN_INFINITE_RECURSION = YES;
				CLANG_WARN_INT_CONVERSION = YES;
				CLANG_WARN_NON_LITERAL_NULL_CONVERSION = YES;
				CLANG_WARN_OBJC_IMPLICIT_RETAIN_SELF = YES;
				CLANG_WARN_OBJC_LITERAL_CONVERSION = YES;
				CLANG_WARN_OBJC_ROOT_CLASS = YES_ERROR;
				CLANG_WARN_QUOTED_INCLUDE_IN_FRAMEWORK_HEADER = YES;
				CLANG_WARN_RANGE_LOOP_ANALYSIS = YES;
				CLANG_WARN_STRICT_PROTOTYPES = YES;
				CLANG_WARN_SUSPICIOUS_MOVE = YES;
				CLANG_WARN_UNGUARDED_AVAILABILITY = YES_AGGRESSIVE;
				CLANG_WARN_UNREACHABLE_CODE = YES;
				CLANG_WARN__DUPLICATE_METHOD_MATCH = YES;
				COPY_PHASE_STRIP = NO;
				DEBUG_INFORMATION_FORMAT = "dwarf-with-dsym";
				ENABLE_NS_ASSERTIONS = NO;
				ENABLE_STRICT_OBJC_MSGSEND = YES;
				GCC_C_LANGUAGE_STANDARD = gnu11;
				GCC_NO_COMMON_BLOCKS = YES;
				GCC_WARN_64_TO_32_BIT_CONVERSION = YES;
				GCC_WARN_ABOUT_RETURN_TYPE = YES_ERROR;
				GCC_WARN_UNDECLARED_SELECTOR = YES;
				GCC_WARN_UNINITIALIZED_AUTOS = YES_AGGRESSIVE;
				GCC_WARN_UNUSED_FUNCTION = YES;
				GCC_WARN_UNUSED_VARIABLE = YES;
				IPHONEOS_DEPLOYMENT_TARGET = 14.5;
				MTL_ENABLE_DEBUG_INFO = NO;
				MTL_FAST_MATH = YES;
				SDKROOT = iphoneos;
				SWIFT_COMPILATION_MODE = wholemodule;
				SWIFT_OPTIMIZATION_LEVEL = "-O";
				VALIDATE_PRODUCT = YES;
			};
			name = Release;
		};
		B1E6981226EABDDD0039F77D /* Debug */ = {
			isa = XCBuildConfiguration;
			buildSettings = {
				ASSETCATALOG_COMPILER_APPICON_NAME = AppIcon;
				ASSETCATALOG_COMPILER_GLOBAL_ACCENT_COLOR_NAME = AccentColor;
				CODE_SIGN_STYLE = Automatic;
				DEVELOPMENT_TEAM = RTKTHM26K9;
				INFOPLIST_FILE = "Note_CRRKTerm2_iOS/Supporting Files/Info.plist";
				LD_RUNPATH_SEARCH_PATHS = (
					"$(inherited)",
					"@executable_path/Frameworks",
				);
				PRODUCT_BUNDLE_IDENTIFIER = "com.cemsafa.Note-CRRKTerm2-iOS";
				PRODUCT_NAME = "$(TARGET_NAME)";
				SWIFT_VERSION = 5.0;
				TARGETED_DEVICE_FAMILY = "1,2";
			};
			name = Debug;
		};
		B1E6981326EABDDD0039F77D /* Release */ = {
			isa = XCBuildConfiguration;
			buildSettings = {
				ASSETCATALOG_COMPILER_APPICON_NAME = AppIcon;
				ASSETCATALOG_COMPILER_GLOBAL_ACCENT_COLOR_NAME = AccentColor;
				CODE_SIGN_STYLE = Automatic;
				DEVELOPMENT_TEAM = RTKTHM26K9;
				INFOPLIST_FILE = "Note_CRRKTerm2_iOS/Supporting Files/Info.plist";
				LD_RUNPATH_SEARCH_PATHS = (
					"$(inherited)",
					"@executable_path/Frameworks",
				);
				PRODUCT_BUNDLE_IDENTIFIER = "com.cemsafa.Note-CRRKTerm2-iOS";
				PRODUCT_NAME = "$(TARGET_NAME)";
				SWIFT_VERSION = 5.0;
				TARGETED_DEVICE_FAMILY = "1,2";
			};
			name = Release;
		};
/* End XCBuildConfiguration section */

/* Begin XCConfigurationList section */
		B1E697F826EABDDC0039F77D /* Build configuration list for PBXProject "Note_CRRKTerm2_iOS" */ = {
			isa = XCConfigurationList;
			buildConfigurations = (
				B1E6980F26EABDDD0039F77D /* Debug */,
				B1E6981026EABDDD0039F77D /* Release */,
			);
			defaultConfigurationIsVisible = 0;
			defaultConfigurationName = Release;
		};
		B1E6981126EABDDD0039F77D /* Build configuration list for PBXNativeTarget "Note_CRRKTerm2_iOS" */ = {
			isa = XCConfigurationList;
			buildConfigurations = (
				B1E6981226EABDDD0039F77D /* Debug */,
				B1E6981326EABDDD0039F77D /* Release */,
			);
			defaultConfigurationIsVisible = 0;
			defaultConfigurationName = Release;
		};
/* End XCConfigurationList section */

/* Begin XCVersionGroup section */
		B196F44D26F2528F00BCF94B /* NoteModel.xcdatamodeld */ = {
			isa = XCVersionGroup;
			children = (
				B196F44E26F2528F00BCF94B /* NoteModel.xcdatamodel */,
			);
			currentVersion = B196F44E26F2528F00BCF94B /* NoteModel.xcdatamodel */;
			path = NoteModel.xcdatamodeld;
			sourceTree = "<group>";
			versionGroupType = wrapper.xcdatamodel;
		};
/* End XCVersionGroup section */
	};
	rootObject = B1E697F526EABDDC0039F77D /* Project object */;
}
